
Microsoft Visual Studio Solution File, Format Version 12.00
# Visual Studio Version 17
VisualStudioVersion = 17.0.31903.59
MinimumVisualStudioVersion = 10.0.40219.1
Project("{2150E333-8FDC-42A3-9474-1A3956D46DE8}") = "Services", "Services", "{0098B882-DBC0-4F7B-9228-F0D157503024}"
EndProject
Project("{2150E333-8FDC-42A3-9474-1A3956D46DE8}") = "MenuItems", "MenuItems", "{09156106-1E52-431E-AC30-B72D03A77D26}"
EndProject
Project("{FAE04EC0-301F-11D3-BF4B-00C04F79EFBC}") = "MenuItems.API", "Services\MenuItems\MenuItems.API\MenuItems.API.csproj", "{A7075242-CD71-4C8F-BD1B-660B9C4CF63E}"
EndProject
Global
	GlobalSection(SolutionConfigurationPlatforms) = preSolution
		Debug|Any CPU = Debug|Any CPU
		Release|Any CPU = Release|Any CPU
	EndGlobalSection
	GlobalSection(SolutionProperties) = preSolution
		HideSolutionNode = FALSE
	EndGlobalSection
	GlobalSection(ProjectConfigurationPlatforms) = postSolution
		{A7075242-CD71-4C8F-BD1B-660B9C4CF63E}.Debug|Any CPU.ActiveCfg = Debug|Any CPU
		{A7075242-CD71-4C8F-BD1B-660B9C4CF63E}.Debug|Any CPU.Build.0 = Debug|Any CPU
		{A7075242-CD71-4C8F-BD1B-660B9C4CF63E}.Release|Any CPU.ActiveCfg = Release|Any CPU
		{A7075242-CD71-4C8F-BD1B-660B9C4CF63E}.Release|Any CPU.Build.0 = Release|Any CPU
	EndGlobalSection
	GlobalSection(NestedProjects) = preSolution
		{09156106-1E52-431E-AC30-B72D03A77D26} = {0098B882-DBC0-4F7B-9228-F0D157503024}
		{A7075242-CD71-4C8F-BD1B-660B9C4CF63E} = {09156106-1E52-431E-AC30-B72D03A77D26}
	EndGlobalSection
EndGlobal
