
Microsoft Visual Studio Solution File, Format Version 12.00
# Visual Studio Version 17
VisualStudioVersion = 17.0.31903.59
MinimumVisualStudioVersion = 10.0.40219.1
Project("{2150E333-8FDC-42A3-9474-1A3956D46DE8}") = "Services", "Services", "{D05275DE-5152-44FD-82D5-CB295EFA4B1B}"
EndProject
Project("{2150E333-8FDC-42A3-9474-1A3956D46DE8}") = "Identity", "Identity", "{F5FCB59D-D8B5-4D75-A92D-51D27952598F}"
EndProject
Project("{FAE04EC0-301F-11D3-BF4B-00C04F79EFBC}") = "Identity.Domain", "Services\Identity\Identity.Domain\Identity.Domain.csproj", "{720DCCA3-526F-4C69-A578-EE8506A3A66C}"
EndProject
Project("{FAE04EC0-301F-11D3-BF4B-00C04F79EFBC}") = "Identity.Application", "Services\Identity\Identity.Application\Identity.Application.csproj", "{A061DF97-16B5-444B-9A25-5B046DD67640}"
EndProject
Project("{FAE04EC0-301F-11D3-BF4B-00C04F79EFBC}") = "Identity.Infrastructure", "Services\Identity\Identity.Infrastructure\Identity.Infrastructure.csproj", "{9D9F47C8-7F1F-4ADF-839A-02D448A462B0}"
EndProject
Project("{FAE04EC0-301F-11D3-BF4B-00C04F79EFBC}") = "Identity.API", "Services\Identity\Identity.API\Identity.API.csproj", "{F40CFE1D-36AA-47CE-A986-8CFAF0238B46}"
EndProject
Project("{2150E333-8FDC-42A3-9474-1A3956D46DE8}") = "BuildingBlocks", "BuildingBlocks", "{B14C573A-31C3-4580-8CA6-E412543851D9}"
EndProject
Project("{FAE04EC0-301F-11D3-BF4B-00C04F79EFBC}") = "Common.Exceptions", "BuildingBlocks\Common.Exceptions\Common.Exceptions.csproj", "{16F94264-DD8A-44C0-BC1F-907A79314F58}"
EndProject
Project("{FAE04EC0-301F-11D3-BF4B-00C04F79EFBC}") = "Common.ExceptionHandling", "BuildingBlocks\Common.ExceptionHandling\Common.ExceptionHandling.csproj", "{51786B00-026B-475C-8321-D3F9FD1545F4}"
EndProject
Global
	GlobalSection(SolutionConfigurationPlatforms) = preSolution
		Debug|Any CPU = Debug|Any CPU
		Release|Any CPU = Release|Any CPU
	EndGlobalSection
	GlobalSection(SolutionProperties) = preSolution
		HideSolutionNode = FALSE
	EndGlobalSection
	GlobalSection(ProjectConfigurationPlatforms) = postSolution
		{720DCCA3-526F-4C69-A578-EE8506A3A66C}.Debug|Any CPU.ActiveCfg = Debug|Any CPU
		{720DCCA3-526F-4C69-A578-EE8506A3A66C}.Debug|Any CPU.Build.0 = Debug|Any CPU
		{720DCCA3-526F-4C69-A578-EE8506A3A66C}.Release|Any CPU.ActiveCfg = Release|Any CPU
		{720DCCA3-526F-4C69-A578-EE8506A3A66C}.Release|Any CPU.Build.0 = Release|Any CPU
		{A061DF97-16B5-444B-9A25-5B046DD67640}.Debug|Any CPU.ActiveCfg = Debug|Any CPU
		{A061DF97-16B5-444B-9A25-5B046DD67640}.Debug|Any CPU.Build.0 = Debug|Any CPU
		{A061DF97-16B5-444B-9A25-5B046DD67640}.Release|Any CPU.ActiveCfg = Release|Any CPU
		{A061DF97-16B5-444B-9A25-5B046DD67640}.Release|Any CPU.Build.0 = Release|Any CPU
		{9D9F47C8-7F1F-4ADF-839A-02D448A462B0}.Debug|Any CPU.ActiveCfg = Debug|Any CPU
		{9D9F47C8-7F1F-4ADF-839A-02D448A462B0}.Debug|Any CPU.Build.0 = Debug|Any CPU
		{9D9F47C8-7F1F-4ADF-839A-02D448A462B0}.Release|Any CPU.ActiveCfg = Release|Any CPU
		{9D9F47C8-7F1F-4ADF-839A-02D448A462B0}.Release|Any CPU.Build.0 = Release|Any CPU
		{F40CFE1D-36AA-47CE-A986-8CFAF0238B46}.Debug|Any CPU.ActiveCfg = Debug|Any CPU
		{F40CFE1D-36AA-47CE-A986-8CFAF0238B46}.Debug|Any CPU.Build.0 = Debug|Any CPU
		{F40CFE1D-36AA-47CE-A986-8CFAF0238B46}.Release|Any CPU.ActiveCfg = Release|Any CPU
		{F40CFE1D-36AA-47CE-A986-8CFAF0238B46}.Release|Any CPU.Build.0 = Release|Any CPU
		{16F94264-DD8A-44C0-BC1F-907A79314F58}.Debug|Any CPU.ActiveCfg = Debug|Any CPU
		{16F94264-DD8A-44C0-BC1F-907A79314F58}.Debug|Any CPU.Build.0 = Debug|Any CPU
		{16F94264-DD8A-44C0-BC1F-907A79314F58}.Release|Any CPU.ActiveCfg = Release|Any CPU
		{16F94264-DD8A-44C0-BC1F-907A79314F58}.Release|Any CPU.Build.0 = Release|Any CPU
		{51786B00-026B-475C-8321-D3F9FD1545F4}.Debug|Any CPU.ActiveCfg = Debug|Any CPU
		{51786B00-026B-475C-8321-D3F9FD1545F4}.Debug|Any CPU.Build.0 = Debug|Any CPU
		{51786B00-026B-475C-8321-D3F9FD1545F4}.Release|Any CPU.ActiveCfg = Release|Any CPU
		{51786B00-026B-475C-8321-D3F9FD1545F4}.Release|Any CPU.Build.0 = Release|Any CPU
	EndGlobalSection
	GlobalSection(NestedProjects) = preSolution
		{F5FCB59D-D8B5-4D75-A92D-51D27952598F} = {D05275DE-5152-44FD-82D5-CB295EFA4B1B}
		{720DCCA3-526F-4C69-A578-EE8506A3A66C} = {F5FCB59D-D8B5-4D75-A92D-51D27952598F}
		{A061DF97-16B5-444B-9A25-5B046DD67640} = {F5FCB59D-D8B5-4D75-A92D-51D27952598F}
		{9D9F47C8-7F1F-4ADF-839A-02D448A462B0} = {F5FCB59D-D8B5-4D75-A92D-51D27952598F}
		{F40CFE1D-36AA-47CE-A986-8CFAF0238B46} = {F5FCB59D-D8B5-4D75-A92D-51D27952598F}
		{16F94264-DD8A-44C0-BC1F-907A79314F58} = {B14C573A-31C3-4580-8CA6-E412543851D9}
		{51786B00-026B-475C-8321-D3F9FD1545F4} = {B14C573A-31C3-4580-8CA6-E412543851D9}
	EndGlobalSection
EndGlobal
