
Microsoft Visual Studio Solution File, Format Version 12.00
# Visual Studio Version 17
VisualStudioVersion = 17.0.31903.59
MinimumVisualStudioVersion = 10.0.40219.1
Project("{2150E333-8FDC-42A3-9474-1A3956D46DE8}") = "Services", "Services", "{D05275DE-5152-44FD-82D5-CB295EFA4B1B}"
EndProject
Project("{2150E333-8FDC-42A3-9474-1A3956D46DE8}") = "Identity", "Identity", "{F5FCB59D-D8B5-4D75-A92D-51D27952598F}"
EndProject
Project("{FAE04EC0-301F-11D3-BF4B-00C04F79EFBC}") = "Identity.Domain", "Services\Identity\Identity.Domain\Identity.Domain.csproj", "{720DCCA3-526F-4C69-A578-EE8506A3A66C}"
EndProject
Project("{FAE04EC0-301F-11D3-BF4B-00C04F79EFBC}") = "Identity.Application", "Services\Identity\Identity.Application\Identity.Application.csproj", "{A061DF97-16B5-444B-9A25-5B046DD67640}"
EndProject
Project("{FAE04EC0-301F-11D3-BF4B-00C04F79EFBC}") = "Identity.Infrastructure", "Services\Identity\Identity.Infrastructure\Identity.Infrastructure.csproj", "{9D9F47C8-7F1F-4ADF-839A-02D448A462B0}"
EndProject
Project("{FAE04EC0-301F-11D3-BF4B-00C04F79EFBC}") = "Identity.API", "Services\Identity\Identity.API\Identity.API.csproj", "{F40CFE1D-36AA-47CE-A986-8CFAF0238B46}"
EndProject
Project("{2150E333-8FDC-42A3-9474-1A3956D46DE8}") = "BuildingBlocks", "BuildingBlocks", "{B14C573A-31C3-4580-8CA6-E412543851D9}"
EndProject
Project("{FAE04EC0-301F-11D3-BF4B-00C04F79EFBC}") = "Common.Exceptions", "BuildingBlocks\Common.Exceptions\Common.Exceptions.csproj", "{16F94264-DD8A-44C0-BC1F-907A79314F58}"
EndProject
Project("{FAE04EC0-301F-11D3-BF4B-00C04F79EFBC}") = "Common.ExceptionHandling", "BuildingBlocks\Common.ExceptionHandling\Common.ExceptionHandling.csproj", "{51786B00-026B-475C-8321-D3F9FD1545F4}"
EndProject
Project("{2150E333-8FDC-42A3-9474-1A3956D46DE8}") = "ApiGateways", "ApiGateways", "{19E49D40-24A3-4DA1-BAB2-DEA544803EB3}"
EndProject
Project("{FAE04EC0-301F-11D3-BF4B-00C04F79EFBC}") = "Gateway.Ocelot", "ApiGateways\Gateway.Ocelot\Gateway.Ocelot.csproj", "{2EC5482F-B3AE-4601-BE07-11032E3D1B3F}"
EndProject
Project("{FAE04EC0-301F-11D3-BF4B-00C04F79EFBC}") = "Common.Security", "BuildingBlocks\Common.Security\Common.Security.csproj", "{F7DF2A71-5902-4654-A2FA-96C1E69AFE32}"
EndProject
Project("{2150E333-8FDC-42A3-9474-1A3956D46DE8}") = "Warehouse", "Warehouse", "{E602B67D-CF8C-4277-8953-A114B8DAB602}"
EndProject
Project("{FAE04EC0-301F-11D3-BF4B-00C04F79EFBC}") = "Warehouse.Domain", "Services\Warehouse\Warehouse.Domain\Warehouse.Domain.csproj", "{A65C7C6F-6921-42BE-A2CE-6B8B1B9DCCEF}"
EndProject
Project("{FAE04EC0-301F-11D3-BF4B-00C04F79EFBC}") = "Warehouse.Application", "Services\Warehouse\Warehouse.Application\Warehouse.Application.csproj", "{CCE44039-C42F-4D3F-A5F6-739D83C85D4F}"
EndProject
Project("{FAE04EC0-301F-11D3-BF4B-00C04F79EFBC}") = "Warehouse.Infrastructure", "Services\Warehouse\Warehouse.Infrastructure\Warehouse.Infrastructure.csproj", "{7059030F-41D8-4B80-B92A-9D813B832D05}"
EndProject
Project("{FAE04EC0-301F-11D3-BF4B-00C04F79EFBC}") = "Warehouse.API", "Services\Warehouse\Warehouse.API\Warehouse.API.csproj", "{D8364864-FECA-430F-B76B-E6316F421BE5}"
EndProject
Project("{2150E333-8FDC-42A3-9474-1A3956D46DE8}") = "POS", "POS", "{3ACFADCF-4854-4E77-A672-ABFA994468E1}"
EndProject
Project("{FAE04EC0-301F-11D3-BF4B-00C04F79EFBC}") = "POS.Domain", "Services\POS\POS.Domain\POS.Domain.csproj", "{7FCB0A17-F474-442D-BD09-137A9AFA95BE}"
EndProject
Project("{FAE04EC0-301F-11D3-BF4B-00C04F79EFBC}") = "POS.Application", "Services\POS\POS.Application\POS.Application.csproj", "{803C8891-5C86-4197-9571-5EF141ABEC28}"
EndProject
Project("{FAE04EC0-301F-11D3-BF4B-00C04F79EFBC}") = "POS.Infrastructure", "Services\POS\POS.Infrastructure\POS.Infrastructure.csproj", "{F8376026-3CE8-4D8E-BAE5-0BF82DCF4646}"
EndProject
Project("{FAE04EC0-301F-11D3-BF4B-00C04F79EFBC}") = "POS.API", "Services\POS\POS.API\POS.API.csproj", "{11F31304-F2DE-46CB-814C-FDE5DE02E9CA}"
EndProject
Global
	GlobalSection(SolutionConfigurationPlatforms) = preSolution
		Debug|Any CPU = Debug|Any CPU
		Release|Any CPU = Release|Any CPU
	EndGlobalSection
	GlobalSection(SolutionProperties) = preSolution
		HideSolutionNode = FALSE
	EndGlobalSection
	GlobalSection(ProjectConfigurationPlatforms) = postSolution
		{720DCCA3-526F-4C69-A578-EE8506A3A66C}.Debug|Any CPU.ActiveCfg = Debug|Any CPU
		{720DCCA3-526F-4C69-A578-EE8506A3A66C}.Debug|Any CPU.Build.0 = Debug|Any CPU
		{720DCCA3-526F-4C69-A578-EE8506A3A66C}.Release|Any CPU.ActiveCfg = Release|Any CPU
		{720DCCA3-526F-4C69-A578-EE8506A3A66C}.Release|Any CPU.Build.0 = Release|Any CPU
		{A061DF97-16B5-444B-9A25-5B046DD67640}.Debug|Any CPU.ActiveCfg = Debug|Any CPU
		{A061DF97-16B5-444B-9A25-5B046DD67640}.Debug|Any CPU.Build.0 = Debug|Any CPU
		{A061DF97-16B5-444B-9A25-5B046DD67640}.Release|Any CPU.ActiveCfg = Release|Any CPU
		{A061DF97-16B5-444B-9A25-5B046DD67640}.Release|Any CPU.Build.0 = Release|Any CPU
		{9D9F47C8-7F1F-4ADF-839A-02D448A462B0}.Debug|Any CPU.ActiveCfg = Debug|Any CPU
		{9D9F47C8-7F1F-4ADF-839A-02D448A462B0}.Debug|Any CPU.Build.0 = Debug|Any CPU
		{9D9F47C8-7F1F-4ADF-839A-02D448A462B0}.Release|Any CPU.ActiveCfg = Release|Any CPU
		{9D9F47C8-7F1F-4ADF-839A-02D448A462B0}.Release|Any CPU.Build.0 = Release|Any CPU
		{F40CFE1D-36AA-47CE-A986-8CFAF0238B46}.Debug|Any CPU.ActiveCfg = Debug|Any CPU
		{F40CFE1D-36AA-47CE-A986-8CFAF0238B46}.Debug|Any CPU.Build.0 = Debug|Any CPU
		{F40CFE1D-36AA-47CE-A986-8CFAF0238B46}.Release|Any CPU.ActiveCfg = Release|Any CPU
		{F40CFE1D-36AA-47CE-A986-8CFAF0238B46}.Release|Any CPU.Build.0 = Release|Any CPU
		{16F94264-DD8A-44C0-BC1F-907A79314F58}.Debug|Any CPU.ActiveCfg = Debug|Any CPU
		{16F94264-DD8A-44C0-BC1F-907A79314F58}.Debug|Any CPU.Build.0 = Debug|Any CPU
		{16F94264-DD8A-44C0-BC1F-907A79314F58}.Release|Any CPU.ActiveCfg = Release|Any CPU
		{16F94264-DD8A-44C0-BC1F-907A79314F58}.Release|Any CPU.Build.0 = Release|Any CPU
		{51786B00-026B-475C-8321-D3F9FD1545F4}.Debug|Any CPU.ActiveCfg = Debug|Any CPU
		{51786B00-026B-475C-8321-D3F9FD1545F4}.Debug|Any CPU.Build.0 = Debug|Any CPU
		{51786B00-026B-475C-8321-D3F9FD1545F4}.Release|Any CPU.ActiveCfg = Release|Any CPU
		{51786B00-026B-475C-8321-D3F9FD1545F4}.Release|Any CPU.Build.0 = Release|Any CPU
		{2EC5482F-B3AE-4601-BE07-11032E3D1B3F}.Debug|Any CPU.ActiveCfg = Debug|Any CPU
		{2EC5482F-B3AE-4601-BE07-11032E3D1B3F}.Debug|Any CPU.Build.0 = Debug|Any CPU
		{2EC5482F-B3AE-4601-BE07-11032E3D1B3F}.Release|Any CPU.ActiveCfg = Release|Any CPU
		{2EC5482F-B3AE-4601-BE07-11032E3D1B3F}.Release|Any CPU.Build.0 = Release|Any CPU
		{F7DF2A71-5902-4654-A2FA-96C1E69AFE32}.Debug|Any CPU.ActiveCfg = Debug|Any CPU
		{F7DF2A71-5902-4654-A2FA-96C1E69AFE32}.Debug|Any CPU.Build.0 = Debug|Any CPU
		{F7DF2A71-5902-4654-A2FA-96C1E69AFE32}.Release|Any CPU.ActiveCfg = Release|Any CPU
		{F7DF2A71-5902-4654-A2FA-96C1E69AFE32}.Release|Any CPU.Build.0 = Release|Any CPU
		{A65C7C6F-6921-42BE-A2CE-6B8B1B9DCCEF}.Debug|Any CPU.ActiveCfg = Debug|Any CPU
		{A65C7C6F-6921-42BE-A2CE-6B8B1B9DCCEF}.Debug|Any CPU.Build.0 = Debug|Any CPU
		{A65C7C6F-6921-42BE-A2CE-6B8B1B9DCCEF}.Release|Any CPU.ActiveCfg = Release|Any CPU
		{A65C7C6F-6921-42BE-A2CE-6B8B1B9DCCEF}.Release|Any CPU.Build.0 = Release|Any CPU
		{CCE44039-C42F-4D3F-A5F6-739D83C85D4F}.Debug|Any CPU.ActiveCfg = Debug|Any CPU
		{CCE44039-C42F-4D3F-A5F6-739D83C85D4F}.Debug|Any CPU.Build.0 = Debug|Any CPU
		{CCE44039-C42F-4D3F-A5F6-739D83C85D4F}.Release|Any CPU.ActiveCfg = Release|Any CPU
		{CCE44039-C42F-4D3F-A5F6-739D83C85D4F}.Release|Any CPU.Build.0 = Release|Any CPU
		{7059030F-41D8-4B80-B92A-9D813B832D05}.Debug|Any CPU.ActiveCfg = Debug|Any CPU
		{7059030F-41D8-4B80-B92A-9D813B832D05}.Debug|Any CPU.Build.0 = Debug|Any CPU
		{7059030F-41D8-4B80-B92A-9D813B832D05}.Release|Any CPU.ActiveCfg = Release|Any CPU
		{7059030F-41D8-4B80-B92A-9D813B832D05}.Release|Any CPU.Build.0 = Release|Any CPU
		{D8364864-FECA-430F-B76B-E6316F421BE5}.Debug|Any CPU.ActiveCfg = Debug|Any CPU
		{D8364864-FECA-430F-B76B-E6316F421BE5}.Debug|Any CPU.Build.0 = Debug|Any CPU
		{D8364864-FECA-430F-B76B-E6316F421BE5}.Release|Any CPU.ActiveCfg = Release|Any CPU
		{D8364864-FECA-430F-B76B-E6316F421BE5}.Release|Any CPU.Build.0 = Release|Any CPU
		{7FCB0A17-F474-442D-BD09-137A9AFA95BE}.Debug|Any CPU.ActiveCfg = Debug|Any CPU
		{7FCB0A17-F474-442D-BD09-137A9AFA95BE}.Debug|Any CPU.Build.0 = Debug|Any CPU
		{7FCB0A17-F474-442D-BD09-137A9AFA95BE}.Release|Any CPU.ActiveCfg = Release|Any CPU
		{7FCB0A17-F474-442D-BD09-137A9AFA95BE}.Release|Any CPU.Build.0 = Release|Any CPU
		{803C8891-5C86-4197-9571-5EF141ABEC28}.Debug|Any CPU.ActiveCfg = Debug|Any CPU
		{803C8891-5C86-4197-9571-5EF141ABEC28}.Debug|Any CPU.Build.0 = Debug|Any CPU
		{803C8891-5C86-4197-9571-5EF141ABEC28}.Release|Any CPU.ActiveCfg = Release|Any CPU
		{803C8891-5C86-4197-9571-5EF141ABEC28}.Release|Any CPU.Build.0 = Release|Any CPU
		{F8376026-3CE8-4D8E-BAE5-0BF82DCF4646}.Debug|Any CPU.ActiveCfg = Debug|Any CPU
		{F8376026-3CE8-4D8E-BAE5-0BF82DCF4646}.Debug|Any CPU.Build.0 = Debug|Any CPU
		{F8376026-3CE8-4D8E-BAE5-0BF82DCF4646}.Release|Any CPU.ActiveCfg = Release|Any CPU
		{F8376026-3CE8-4D8E-BAE5-0BF82DCF4646}.Release|Any CPU.Build.0 = Release|Any CPU
		{11F31304-F2DE-46CB-814C-FDE5DE02E9CA}.Debug|Any CPU.ActiveCfg = Debug|Any CPU
		{11F31304-F2DE-46CB-814C-FDE5DE02E9CA}.Debug|Any CPU.Build.0 = Debug|Any CPU
		{11F31304-F2DE-46CB-814C-FDE5DE02E9CA}.Release|Any CPU.ActiveCfg = Release|Any CPU
		{11F31304-F2DE-46CB-814C-FDE5DE02E9CA}.Release|Any CPU.Build.0 = Release|Any CPU
	EndGlobalSection
	GlobalSection(NestedProjects) = preSolution
		{F5FCB59D-D8B5-4D75-A92D-51D27952598F} = {D05275DE-5152-44FD-82D5-CB295EFA4B1B}
		{720DCCA3-526F-4C69-A578-EE8506A3A66C} = {F5FCB59D-D8B5-4D75-A92D-51D27952598F}
		{A061DF97-16B5-444B-9A25-5B046DD67640} = {F5FCB59D-D8B5-4D75-A92D-51D27952598F}
		{9D9F47C8-7F1F-4ADF-839A-02D448A462B0} = {F5FCB59D-D8B5-4D75-A92D-51D27952598F}
		{F40CFE1D-36AA-47CE-A986-8CFAF0238B46} = {F5FCB59D-D8B5-4D75-A92D-51D27952598F}
		{16F94264-DD8A-44C0-BC1F-907A79314F58} = {B14C573A-31C3-4580-8CA6-E412543851D9}
		{51786B00-026B-475C-8321-D3F9FD1545F4} = {B14C573A-31C3-4580-8CA6-E412543851D9}
		{2EC5482F-B3AE-4601-BE07-11032E3D1B3F} = {19E49D40-24A3-4DA1-BAB2-DEA544803EB3}
		{F7DF2A71-5902-4654-A2FA-96C1E69AFE32} = {B14C573A-31C3-4580-8CA6-E412543851D9}
		{E602B67D-CF8C-4277-8953-A114B8DAB602} = {D05275DE-5152-44FD-82D5-CB295EFA4B1B}
		{A65C7C6F-6921-42BE-A2CE-6B8B1B9DCCEF} = {E602B67D-CF8C-4277-8953-A114B8DAB602}
		{CCE44039-C42F-4D3F-A5F6-739D83C85D4F} = {E602B67D-CF8C-4277-8953-A114B8DAB602}
		{7059030F-41D8-4B80-B92A-9D813B832D05} = {E602B67D-CF8C-4277-8953-A114B8DAB602}
		{D8364864-FECA-430F-B76B-E6316F421BE5} = {E602B67D-CF8C-4277-8953-A114B8DAB602}
		{3ACFADCF-4854-4E77-A672-ABFA994468E1} = {D05275DE-5152-44FD-82D5-CB295EFA4B1B}
		{7FCB0A17-F474-442D-BD09-137A9AFA95BE} = {3ACFADCF-4854-4E77-A672-ABFA994468E1}
		{803C8891-5C86-4197-9571-5EF141ABEC28} = {3ACFADCF-4854-4E77-A672-ABFA994468E1}
		{F8376026-3CE8-4D8E-BAE5-0BF82DCF4646} = {3ACFADCF-4854-4E77-A672-ABFA994468E1}
		{11F31304-F2DE-46CB-814C-FDE5DE02E9CA} = {3ACFADCF-4854-4E77-A672-ABFA994468E1}
	EndGlobalSection
EndGlobal
